
Microsoft Visual Studio Solution File, Format Version 12.00
# Visual Studio Version 16
VisualStudioVersion = 16.0.33328.57
MinimumVisualStudioVersion = 10.0.40219.1
Project("{FAE04EC0-301F-11D3-BF4B-00C04F79EFBC}") = "baekjune1", "baekjune1\baekjune1.csproj", "{22F1D6A9-4039-4408-ABCF-32D93E33921E}"
EndProject
Global
	GlobalSection(SolutionConfigurationPlatforms) = preSolution
		Debug|Any CPU = Debug|Any CPU
		Release|Any CPU = Release|Any CPU
	EndGlobalSection
	GlobalSection(ProjectConfigurationPlatforms) = postSolution
		{22F1D6A9-4039-4408-ABCF-32D93E33921E}.Debug|Any CPU.ActiveCfg = Debug|Any CPU
		{22F1D6A9-4039-4408-ABCF-32D93E33921E}.Debug|Any CPU.Build.0 = Debug|Any CPU
		{22F1D6A9-4039-4408-ABCF-32D93E33921E}.Release|Any CPU.ActiveCfg = Release|Any CPU
		{22F1D6A9-4039-4408-ABCF-32D93E33921E}.Release|Any CPU.Build.0 = Release|Any CPU
	EndGlobalSection
	GlobalSection(SolutionProperties) = preSolution
		HideSolutionNode = FALSE
	EndGlobalSection
	GlobalSection(ExtensibilityGlobals) = postSolution
		SolutionGuid = {2D113B14-6EF5-43C2-BD37-842E73C754F3}
	EndGlobalSection
EndGlobal
